
Microsoft Visual Studio Solution File, Format Version 11.00
# Visual Studio 2010
Project("{FAE04EC0-301F-11D3-BF4B-00C04F79EFBC}") = "MvcAssets", "MvcAssets\MvcAssets.csproj", "{C7DF34E6-7A3C-4595-8EA4-6C6B4DB81B6C}"
EndProject
Project("{FAE04EC0-301F-11D3-BF4B-00C04F79EFBC}") = "MvcAssets.Tests", "MvcAssets.Tests\MvcAssets.Tests.csproj", "{57E84F02-2628-4DC0-8E28-B5930959DB9F}"
EndProject
Project("{FAE04EC0-301F-11D3-BF4B-00C04F79EFBC}") = "MvcAssetsDemo.Web", "MvcAssetsDemo.Web\MvcAssetsDemo.Web.csproj", "{F0543D90-D988-4EDA-B7B8-8C02C121FB75}"
EndProject
Project("{FAE04EC0-301F-11D3-BF4B-00C04F79EFBC}") = "MvcAssets.Compress", "MvcAssets.Compress\MvcAssets.Compress.csproj", "{7E4DE4C6-376C-4E0D-A4EB-59E6FD5D45AC}"
EndProject
Global
	GlobalSection(SolutionConfigurationPlatforms) = preSolution
		Debug|Any CPU = Debug|Any CPU
		Release|Any CPU = Release|Any CPU
	EndGlobalSection
	GlobalSection(ProjectConfigurationPlatforms) = postSolution
		{C7DF34E6-7A3C-4595-8EA4-6C6B4DB81B6C}.Debug|Any CPU.ActiveCfg = Debug|Any CPU
		{C7DF34E6-7A3C-4595-8EA4-6C6B4DB81B6C}.Debug|Any CPU.Build.0 = Debug|Any CPU
		{C7DF34E6-7A3C-4595-8EA4-6C6B4DB81B6C}.Release|Any CPU.ActiveCfg = Release|Any CPU
		{C7DF34E6-7A3C-4595-8EA4-6C6B4DB81B6C}.Release|Any CPU.Build.0 = Release|Any CPU
		{57E84F02-2628-4DC0-8E28-B5930959DB9F}.Debug|Any CPU.ActiveCfg = Debug|Any CPU
		{57E84F02-2628-4DC0-8E28-B5930959DB9F}.Debug|Any CPU.Build.0 = Debug|Any CPU
		{57E84F02-2628-4DC0-8E28-B5930959DB9F}.Release|Any CPU.ActiveCfg = Release|Any CPU
		{57E84F02-2628-4DC0-8E28-B5930959DB9F}.Release|Any CPU.Build.0 = Release|Any CPU
		{F0543D90-D988-4EDA-B7B8-8C02C121FB75}.Debug|Any CPU.ActiveCfg = Debug|Any CPU
		{F0543D90-D988-4EDA-B7B8-8C02C121FB75}.Debug|Any CPU.Build.0 = Debug|Any CPU
		{F0543D90-D988-4EDA-B7B8-8C02C121FB75}.Release|Any CPU.ActiveCfg = Release|Any CPU
		{F0543D90-D988-4EDA-B7B8-8C02C121FB75}.Release|Any CPU.Build.0 = Release|Any CPU
		{7E4DE4C6-376C-4E0D-A4EB-59E6FD5D45AC}.Debug|Any CPU.ActiveCfg = Debug|Any CPU
		{7E4DE4C6-376C-4E0D-A4EB-59E6FD5D45AC}.Debug|Any CPU.Build.0 = Debug|Any CPU
		{7E4DE4C6-376C-4E0D-A4EB-59E6FD5D45AC}.Release|Any CPU.ActiveCfg = Release|Any CPU
		{7E4DE4C6-376C-4E0D-A4EB-59E6FD5D45AC}.Release|Any CPU.Build.0 = Release|Any CPU
	EndGlobalSection
	GlobalSection(SolutionProperties) = preSolution
		HideSolutionNode = FALSE
	EndGlobalSection
EndGlobal
